<?xml version="1.0" encoding="utf-8"?>
<Project ToolsVersion="4.0" xmlns="http://schemas.microsoft.com/developer/msbuild/2003">
  <ItemGroup>
    <Filter Include="Source Files">
      <UniqueIdentifier>{060e6b47-4e2d-4f39-9e95-a3658bcc4166}</UniqueIdentifier>
      <Extensions>cpp;c;cxx;rc;def;r;odl;idl;hpj;bat</Extensions>
    </Filter>
    <Filter Include="Header Files">
      <UniqueIdentifier>{4b6ed66d-8bc4-4eb4-b2f5-8d87f2f42783}</UniqueIdentifier>
      <Extensions>h;hpp;hxx;hm;inl</Extensions>
    </Filter>
    <Filter Include="Resource Files">
      <UniqueIdentifier>{2efbb58a-4a21-4dfa-a932-0299757fb5c5}</UniqueIdentifier>
      <Extensions>ico;cur;bmp;dlg;rc2;rct;bin;rgs;gif;jpg;jpeg;jpe</Extensions>
    </Filter>
  </ItemGroup>
  <ItemGroup>
    <ClCompile Include="d3dUtility.cpp">
      <Filter>Source Files</Filter>
    </ClCompile>
    <ClCompile Include="virtualLego.cpp">
      <Filter>Source Files</Filter>
    </ClCompile>
    <ClCompile Include="CSphere.cpp">
      <Filter>Source Files</Filter>
    </ClCompile>
    <ClCompile Include="CWall.cpp">
      <Filter>Source Files</Filter>
    </ClCompile>
    <ClCompile Include="CLight.cpp">
      <Filter>Source Files</Filter>
    </ClCompile>
    <ClCompile Include="Player.cpp">
      <Filter>Source Files</Filter>
    </ClCompile>
    <ClCompile Include="CHole.cpp">
      <Filter>Source Files</Filter>
    </ClCompile>
    <ClCompile Include="TurnManager.cpp">
      <Filter>Source Files</Filter>
    </ClCompile>
    <ClCompile Include="CBorder.cpp">
      <Filter>Source Files</Filter>
    </ClCompile>
    <ClCompile Include="FoulManager.cpp">
      <Filter>Source Files</Filter>
    </ClCompile>
    <ClCompile Include="Status.cpp">
      <Filter>Source Files</Filter>
    </ClCompile>
    <ClCompile Include="CObject.cpp">
      <Filter>Source Files</Filter>
    </ClCompile>
    <ClCompile Include="CHandSphere.cpp">
      <Filter>Source Files</Filter>
    </ClCompile>
    <ClCompile Include="CEightSphere.cpp">
      <Filter>Source Files</Filter>
    </ClCompile>
    <ClCompile Include="CStripeSphere.cpp">
      <Filter>Source Files</Filter>
    </ClCompile>
    <ClCompile Include="CSolidSphere.cpp">
      <Filter>Source Files</Filter>
    </ClCompile>
    <ClCompile Include="CTopWall.cpp">
      <Filter>Source Files</Filter>
    </ClCompile>
    <ClCompile Include="CBottomWall.cpp">
      <Filter>Source Files</Filter>
    </ClCompile>
    <ClCompile Include="CLeftWall.cpp">
      <Filter>Source Files</Filter>
    </ClCompile>
    <ClCompile Include="CRightWall.cpp">
      <Filter>Source Files</Filter>
    </ClCompile>
  </ItemGroup>
  <ItemGroup>
    <ClInclude Include="d3dUtility.h">
      <Filter>Header Files</Filter>
    </ClInclude>
    <ClInclude Include="CSphere.h">
      <Filter>Header Files</Filter>
    </ClInclude>
    <ClInclude Include="CWall.h">
      <Filter>Header Files</Filter>
    </ClInclude>
    <ClInclude Include="CLight.h">
      <Filter>Header Files</Filter>
    </ClInclude>
    <ClInclude Include="Player.h">
      <Filter>Header Files</Filter>
    </ClInclude>
    <ClInclude Include="CHole.h">
      <Filter>Header Files</Filter>
    </ClInclude>
    <ClInclude Include="TurnManager.h">
      <Filter>Header Files</Filter>
    </ClInclude>
    <ClInclude Include="CBorder.h">
      <Filter>Header Files</Filter>
    </ClInclude>
    <ClInclude Include="FoulManager.h">
      <Filter>Header Files</Filter>
    </ClInclude>
    <ClInclude Include="Hittable.h">
      <Filter>Header Files</Filter>
    </ClInclude>
    <ClInclude Include="Removable.h">
      <Filter>Header Files</Filter>
    </ClInclude>
    <ClInclude Include="Status.h">
      <Filter>Header Files</Filter>
    </ClInclude>
    <ClInclude Include="CObject.h">
      <Filter>Header Files</Filter>
    </ClInclude>
    <ClInclude Include="CHandSphere.h">
      <Filter>Header Files</Filter>
    </ClInclude>
    <ClInclude Include="CEightSphere.h">
      <Filter>Header Files</Filter>
    </ClInclude>
    <ClInclude Include="CStripeSphere.h">
      <Filter>Header Files</Filter>
    </ClInclude>
    <ClInclude Include="CSolidSphere.h">
      <Filter>Header Files</Filter>
    </ClInclude>
    <ClInclude Include="CTopWall.h">
      <Filter>Header Files</Filter>
    </ClInclude>
    <ClInclude Include="CBottomWall.h">
      <Filter>Header Files</Filter>
    </ClInclude>
    <ClInclude Include="CLeftWall.h">
      <Filter>Header Files</Filter>
    </ClInclude>
    <ClInclude Include="CRightWall.h">
      <Filter>Header Files</Filter>
    </ClInclude>
  </ItemGroup>
</Project>